
Microsoft Visual Studio Solution File, Format Version 12.00
# Visual Studio Version 16
VisualStudioVersion = 16.0.810.19
MinimumVisualStudioVersion = 10.0.40219.1
Project("{FAE04EC0-301F-11D3-BF4B-00C04F79EFBC}") = "CsharpProj", "CsharpProj\CsharpProj.csproj", "{93B3DD6C-B346-4C23-85DE-ED4C284E1D3C}"
EndProject
Project("{FAE04EC0-301F-11D3-BF4B-00C04F79EFBC}") = "CSharp_Proj_2", "CSharp_Proj_2\CSharp_Proj_2.csproj", "{2E0EB6E7-C340-4B6A-A569-CBF887960AD1}"
EndProject
Global
	GlobalSection(SolutionConfigurationPlatforms) = preSolution
		Debug|Any CPU = Debug|Any CPU
		Release|Any CPU = Release|Any CPU
	EndGlobalSection
	GlobalSection(ProjectConfigurationPlatforms) = postSolution
		{93B3DD6C-B346-4C23-85DE-ED4C284E1D3C}.Debug|Any CPU.ActiveCfg = Debug|Any CPU
		{93B3DD6C-B346-4C23-85DE-ED4C284E1D3C}.Debug|Any CPU.Build.0 = Debug|Any CPU
		{93B3DD6C-B346-4C23-85DE-ED4C284E1D3C}.Release|Any CPU.ActiveCfg = Release|Any CPU
		{93B3DD6C-B346-4C23-85DE-ED4C284E1D3C}.Release|Any CPU.Build.0 = Release|Any CPU
		{2E0EB6E7-C340-4B6A-A569-CBF887960AD1}.Debug|Any CPU.ActiveCfg = Debug|Any CPU
		{2E0EB6E7-C340-4B6A-A569-CBF887960AD1}.Debug|Any CPU.Build.0 = Debug|Any CPU
		{2E0EB6E7-C340-4B6A-A569-CBF887960AD1}.Release|Any CPU.ActiveCfg = Release|Any CPU
		{2E0EB6E7-C340-4B6A-A569-CBF887960AD1}.Release|Any CPU.Build.0 = Release|Any CPU
	EndGlobalSection
	GlobalSection(SolutionProperties) = preSolution
		HideSolutionNode = FALSE
	EndGlobalSection
	GlobalSection(ExtensibilityGlobals) = postSolution
		SolutionGuid = {1C0B4726-14A0-4F19-AB79-E01250D4BEAD}
	EndGlobalSection
EndGlobal
